
Microsoft Visual Studio Solution File, Format Version 12.00
# Visual Studio 15
VisualStudioVersion = 15.0.27703.2026
MinimumVisualStudioVersion = 10.0.40219.1
Project("{FAE04EC0-301F-11D3-BF4B-00C04F79EFBC}") = "RotativaPDF", "RotativaPDF\RotativaPDF.csproj", "{EE5B0891-54FC-4304-AB69-505B3957FE20}"
EndProject
Global
	GlobalSection(SolutionConfigurationPlatforms) = preSolution
		Debug|Any CPU = Debug|Any CPU
		Release|Any CPU = Release|Any CPU
	EndGlobalSection
	GlobalSection(ProjectConfigurationPlatforms) = postSolution
		{EE5B0891-54FC-4304-AB69-505B3957FE20}.Debug|Any CPU.ActiveCfg = Debug|Any CPU
		{EE5B0891-54FC-4304-AB69-505B3957FE20}.Debug|Any CPU.Build.0 = Debug|Any CPU
		{EE5B0891-54FC-4304-AB69-505B3957FE20}.Release|Any CPU.ActiveCfg = Release|Any CPU
		{EE5B0891-54FC-4304-AB69-505B3957FE20}.Release|Any CPU.Build.0 = Release|Any CPU
	EndGlobalSection
	GlobalSection(SolutionProperties) = preSolution
		HideSolutionNode = FALSE
	EndGlobalSection
	GlobalSection(ExtensibilityGlobals) = postSolution
		SolutionGuid = {4B096D69-AAA4-41BA-817D-718D91DF877F}
	EndGlobalSection
EndGlobal
